
Microsoft Visual Studio Solution File, Format Version 12.00
# Visual Studio 2012
Project("{FAE04EC0-301F-11D3-BF4B-00C04F79EFBC}") = "MicroBlog", "MicroBlog\MicroBlog.csproj", "{8CFC69F8-2039-4B96-B7F7-E0CC7C24884F}"
EndProject
Global
	GlobalSection(SolutionConfigurationPlatforms) = preSolution
		Debug|Any CPU = Debug|Any CPU
		Release|Any CPU = Release|Any CPU
	EndGlobalSection
	GlobalSection(ProjectConfigurationPlatforms) = postSolution
		{8CFC69F8-2039-4B96-B7F7-E0CC7C24884F}.Debug|Any CPU.ActiveCfg = Debug|Any CPU
		{8CFC69F8-2039-4B96-B7F7-E0CC7C24884F}.Debug|Any CPU.Build.0 = Debug|Any CPU
		{8CFC69F8-2039-4B96-B7F7-E0CC7C24884F}.Release|Any CPU.ActiveCfg = Release|Any CPU
		{8CFC69F8-2039-4B96-B7F7-E0CC7C24884F}.Release|Any CPU.Build.0 = Release|Any CPU
	EndGlobalSection
	GlobalSection(SolutionProperties) = preSolution
		HideSolutionNode = FALSE
	EndGlobalSection
EndGlobal
